
Microsoft Visual Studio Solution File, Format Version 12.00
# Visual Studio 2012
Project("{FAE04EC0-301F-11D3-BF4B-00C04F79EFBC}") = "phpBB-IRC-Bridge", "phpBB-IRC-Bridge\phpBB-IRC-Bridge.csproj", "{C174A08E-B211-4A29-A423-2D05EF0AE51A}"
EndProject
Project("{FAE04EC0-301F-11D3-BF4B-00C04F79EFBC}") = "Floe.Net", "dependencies\Floe\Floe.Net\Floe.Net.csproj", "{1D4AD463-4355-4DA6-B8E6-0E8BB75B50D9}"
EndProject
Global
	GlobalSection(SolutionConfigurationPlatforms) = preSolution
		Debug|Any CPU = Debug|Any CPU
		Release|Any CPU = Release|Any CPU
	EndGlobalSection
	GlobalSection(ProjectConfigurationPlatforms) = postSolution
		{C174A08E-B211-4A29-A423-2D05EF0AE51A}.Debug|Any CPU.ActiveCfg = Debug|Any CPU
		{C174A08E-B211-4A29-A423-2D05EF0AE51A}.Debug|Any CPU.Build.0 = Debug|Any CPU
		{C174A08E-B211-4A29-A423-2D05EF0AE51A}.Release|Any CPU.ActiveCfg = Release|Any CPU
		{C174A08E-B211-4A29-A423-2D05EF0AE51A}.Release|Any CPU.Build.0 = Release|Any CPU
		{1D4AD463-4355-4DA6-B8E6-0E8BB75B50D9}.Debug|Any CPU.ActiveCfg = Debug|Any CPU
		{1D4AD463-4355-4DA6-B8E6-0E8BB75B50D9}.Debug|Any CPU.Build.0 = Debug|Any CPU
		{1D4AD463-4355-4DA6-B8E6-0E8BB75B50D9}.Release|Any CPU.ActiveCfg = Release|Any CPU
		{1D4AD463-4355-4DA6-B8E6-0E8BB75B50D9}.Release|Any CPU.Build.0 = Release|Any CPU
	EndGlobalSection
	GlobalSection(SolutionProperties) = preSolution
		HideSolutionNode = FALSE
	EndGlobalSection
EndGlobal
